
Microsoft Visual Studio Solution File, Format Version 12.00
Project("{FAE04EC0-301F-11D3-BF4B-00C04F79EFBC}") = "XivConfigurationService", "XivConfigurationService\XivConfigurationService\XivConfigurationService.csproj", "{928FD191-CA9F-4A74-A63B-609B50960F47}"
EndProject
Project("{FAE04EC0-301F-11D3-BF4B-00C04F79EFBC}") = "XivConfigurationService.Client", "XivConfigurationService\XivConfigurationService.Client\XivConfigurationService.Client.csproj", "{DC7D247D-1955-4FF1-A710-C2DDCCD381E9}"
EndProject
Project("{2150E333-8FDC-42A3-9474-1A3956D46DE8}") = "Solution Items", "Solution Items", "{2B1D7A7F-1BD0-4317-A9D7-A21D6AEF84D4}"
	ProjectSection(SolutionItems) = preProject
		compose.yaml = compose.yaml
		compose.local.yaml = compose.local.yaml
	EndProjectSection
EndProject
Global
	GlobalSection(SolutionConfigurationPlatforms) = preSolution
		Debug|Any CPU = Debug|Any CPU
		Release|Any CPU = Release|Any CPU
	EndGlobalSection
	GlobalSection(ProjectConfigurationPlatforms) = postSolution
		{928FD191-CA9F-4A74-A63B-609B50960F47}.Debug|Any CPU.ActiveCfg = Debug|Any CPU
		{928FD191-CA9F-4A74-A63B-609B50960F47}.Debug|Any CPU.Build.0 = Debug|Any CPU
		{928FD191-CA9F-4A74-A63B-609B50960F47}.Release|Any CPU.ActiveCfg = Release|Any CPU
		{928FD191-CA9F-4A74-A63B-609B50960F47}.Release|Any CPU.Build.0 = Release|Any CPU
		{DC7D247D-1955-4FF1-A710-C2DDCCD381E9}.Debug|Any CPU.ActiveCfg = Debug|Any CPU
		{DC7D247D-1955-4FF1-A710-C2DDCCD381E9}.Debug|Any CPU.Build.0 = Debug|Any CPU
		{DC7D247D-1955-4FF1-A710-C2DDCCD381E9}.Release|Any CPU.ActiveCfg = Release|Any CPU
		{DC7D247D-1955-4FF1-A710-C2DDCCD381E9}.Release|Any CPU.Build.0 = Release|Any CPU
	EndGlobalSection
EndGlobal
